
Microsoft Visual Studio Solution File, Format Version 12.00
# Visual Studio 2013
VisualStudioVersion = 12.0.30501.0
MinimumVisualStudioVersion = 10.0.40219.1
Project("{FAE04EC0-301F-11D3-BF4B-00C04F79EFBC}") = "Matasano", "Matasano\Matasano.csproj", "{CB26718F-12D0-4B30-9DAF-F7E6A2664886}"
EndProject
Project("{FAE04EC0-301F-11D3-BF4B-00C04F79EFBC}") = "Matasano.Test", "Matasano.Test\Matasano.Test.csproj", "{0BD61C5C-D096-472E-AAFB-56B8766D9389}"
EndProject
Global
	GlobalSection(SolutionConfigurationPlatforms) = preSolution
		Debug|Any CPU = Debug|Any CPU
		Release|Any CPU = Release|Any CPU
	EndGlobalSection
	GlobalSection(ProjectConfigurationPlatforms) = postSolution
		{CB26718F-12D0-4B30-9DAF-F7E6A2664886}.Debug|Any CPU.ActiveCfg = Debug|Any CPU
		{CB26718F-12D0-4B30-9DAF-F7E6A2664886}.Debug|Any CPU.Build.0 = Debug|Any CPU
		{CB26718F-12D0-4B30-9DAF-F7E6A2664886}.Release|Any CPU.ActiveCfg = Release|Any CPU
		{CB26718F-12D0-4B30-9DAF-F7E6A2664886}.Release|Any CPU.Build.0 = Release|Any CPU
		{0BD61C5C-D096-472E-AAFB-56B8766D9389}.Debug|Any CPU.ActiveCfg = Debug|Any CPU
		{0BD61C5C-D096-472E-AAFB-56B8766D9389}.Debug|Any CPU.Build.0 = Debug|Any CPU
		{0BD61C5C-D096-472E-AAFB-56B8766D9389}.Release|Any CPU.ActiveCfg = Release|Any CPU
		{0BD61C5C-D096-472E-AAFB-56B8766D9389}.Release|Any CPU.Build.0 = Release|Any CPU
	EndGlobalSection
	GlobalSection(SolutionProperties) = preSolution
		HideSolutionNode = FALSE
	EndGlobalSection
EndGlobal
